// !$*UTF8*$!
{
	archiveVersion = 1;
	classes = {
	};
	objectVersion = 46;
	objects = {

/* Begin PBXBuildFile section */
		F66F851A1CBCFC410012DD0C /* AppDelegate.m in Sources */ = {isa = PBXBuildFile; fileRef = F66F85191CBCFC410012DD0C /* AppDelegate.m */; };
		F66F851D1CBCFC410012DD0C /* main.m in Sources */ = {isa = PBXBuildFile; fileRef = F66F851C1CBCFC410012DD0C /* main.m */; };
		F66F851F1CBCFC410012DD0C /* Assets.xcassets in Resources */ = {isa = PBXBuildFile; fileRef = F66F851E1CBCFC410012DD0C /* Assets.xcassets */; };
		F66F85221CBCFC410012DD0C /* MainMenu.xib in Resources */ = {isa = PBXBuildFile; fileRef = F66F85201CBCFC410012DD0C /* MainMenu.xib */; };
		F66F852D1CBCFC410012DD0C /* GUSelectionTests.m in Sources */ = {isa = PBXBuildFile; fileRef = F66F852C1CBCFC410012DD0C /* GUSelectionTests.m */; };
		F66F85381CBCFC410012DD0C /* GUSelectionUITests.m in Sources */ = {isa = PBXBuildFile; fileRef = F66F85371CBCFC410012DD0C /* GUSelectionUITests.m */; };
/* End PBXBuildFile section */

/* Begin PBXContainerItemProxy section */
		F66F85291CBCFC410012DD0C /* PBXContainerItemProxy */ = {
			isa = PBXContainerItemProxy;
			containerPortal = F66F850D1CBCFC410012DD0C /* Project object */;
			proxyType = 1;
			remoteGlobalIDString = F66F85141CBCFC410012DD0C;
			remoteInfo = GUSelection;
		};
		F66F85341CBCFC410012DD0C /* PBXContainerItemProxy */ = {
			isa = PBXContainerItemProxy;
			containerPortal = F66F850D1CBCFC410012DD0C /* Project object */;
			proxyType = 1;
			remoteGlobalIDString = F66F85141CBCFC410012DD0C;
			remoteInfo = GUSelection;
		};
/* End PBXContainerItemProxy section */

/* Begin PBXFileReference section */
		F66F85151CBCFC410012DD0C /* GUSelection.app */ = {isa = PBXFileReference; explicitFileType = wrapper.application; includeInIndex = 0; path = GUSelection.app; sourceTree = BUILT_PRODUCTS_DIR; };
		F66F85181CBCFC410012DD0C /* AppDelegate.h */ = {isa = PBXFileReference; lastKnownFileType = sourcecode.c.h; path = AppDelegate.h; sourceTree = "<group>"; };
		F66F85191CBCFC410012DD0C /* AppDelegate.m */ = {isa = PBXFileReference; lastKnownFileType = sourcecode.c.objc; path = AppDelegate.m; sourceTree = "<group>"; };
		F66F851C1CBCFC410012DD0C /* main.m */ = {isa = PBXFileReference; lastKnownFileType = sourcecode.c.objc; path = main.m; sourceTree = "<group>"; };
		F66F851E1CBCFC410012DD0C /* Assets.xcassets */ = {isa = PBXFileReference; lastKnownFileType = folder.assetcatalog; path = Assets.xcassets; sourceTree = "<group>"; };
		F66F85211CBCFC410012DD0C /* Base */ = {isa = PBXFileReference; lastKnownFileType = file.xib; name = Base; path = Base.lproj/MainMenu.xib; sourceTree = "<group>"; };
		F66F85231CBCFC410012DD0C /* Info.plist */ = {isa = PBXFileReference; lastKnownFileType = text.plist.xml; path = Info.plist; sourceTree = "<group>"; };
		F66F85281CBCFC410012DD0C /* GUSelectionTests.xctest */ = {isa = PBXFileReference; explicitFileType = wrapper.cfbundle; includeInIndex = 0; path = GUSelectionTests.xctest; sourceTree = BUILT_PRODUCTS_DIR; };
		F66F852C1CBCFC410012DD0C /* GUSelectionTests.m */ = {isa = PBXFileReference; lastKnownFileType = sourcecode.c.objc; path = GUSelectionTests.m; sourceTree = "<group>"; };
		F66F852E1CBCFC410012DD0C /* Info.plist */ = {isa = PBXFileReference; lastKnownFileType = text.plist.xml; path = Info.plist; sourceTree = "<group>"; };
		F66F85331CBCFC410012DD0C /* GUSelectionUITests.xctest */ = {isa = PBXFileReference; explicitFileType = wrapper.cfbundle; includeInIndex = 0; path = GUSelectionUITests.xctest; sourceTree = BUILT_PRODUCTS_DIR; };
		F66F85371CBCFC410012DD0C /* GUSelectionUITests.m */ = {isa = PBXFileReference; lastKnownFileType = sourcecode.c.objc; path = GUSelectionUITests.m; sourceTree = "<group>"; };
		F66F85391CBCFC410012DD0C /* Info.plist */ = {isa = PBXFileReference; lastKnownFileType = text.plist.xml; path = Info.plist; sourceTree = "<group>"; };
/* End PBXFileReference section */

/* Begin PBXFrameworksBuildPhase section */
		F66F85121CBCFC410012DD0C /* Frameworks */ = {
			isa = PBXFrameworksBuildPhase;
			buildActionMask = 2147483647;
			files = (
			);
			runOnlyForDeploymentPostprocessing = 0;
		};
		F66F85251CBCFC410012DD0C /* Frameworks */ = {
			isa = PBXFrameworksBuildPhase;
			buildActionMask = 2147483647;
			files = (
			);
			runOnlyForDeploymentPostprocessing = 0;
		};
		F66F85301CBCFC410012DD0C /* Frameworks */ = {
			isa = PBXFrameworksBuildPhase;
			buildActionMask = 2147483647;
			files = (
			);
			runOnlyForDeploymentPostprocessing = 0;
		};
/* End PBXFrameworksBuildPhase section */

/* Begin PBXGroup section */
		F66F850C1CBCFC410012DD0C = {
			isa = PBXGroup;
			children = (
				F66F85171CBCFC410012DD0C /* GUSelection */,
				F66F852B1CBCFC410012DD0C /* GUSelectionTests */,
				F66F85361CBCFC410012DD0C /* GUSelectionUITests */,
				F66F85161CBCFC410012DD0C /* Products */,
			);
			sourceTree = "<group>";
		};
		F66F85161CBCFC410012DD0C /* Products */ = {
			isa = PBXGroup;
			children = (
				F66F85151CBCFC410012DD0C /* GUSelection.app */,
				F66F85281CBCFC410012DD0C /* GUSelectionTests.xctest */,
				F66F85331CBCFC410012DD0C /* GUSelectionUITests.xctest */,
			);
			name = Products;
			sourceTree = "<group>";
		};
		F66F85171CBCFC410012DD0C /* GUSelection */ = {
			isa = PBXGroup;
			children = (
				F66F85181CBCFC410012DD0C /* AppDelegate.h */,
				F66F85191CBCFC410012DD0C /* AppDelegate.m */,
				F66F851E1CBCFC410012DD0C /* Assets.xcassets */,
				F66F85201CBCFC410012DD0C /* MainMenu.xib */,
				F66F85231CBCFC410012DD0C /* Info.plist */,
				F66F851B1CBCFC410012DD0C /* Supporting Files */,
			);
			path = GUSelection;
			sourceTree = "<group>";
		};
		F66F851B1CBCFC410012DD0C /* Supporting Files */ = {
			isa = PBXGroup;
			children = (
				F66F851C1CBCFC410012DD0C /* main.m */,
			);
			name = "Supporting Files";
			sourceTree = "<group>";
		};
		F66F852B1CBCFC410012DD0C /* GUSelectionTests */ = {
			isa = PBXGroup;
			children = (
				F66F852C1CBCFC410012DD0C /* GUSelectionTests.m */,
				F66F852E1CBCFC410012DD0C /* Info.plist */,
			);
			path = GUSelectionTests;
			sourceTree = "<group>";
		};
		F66F85361CBCFC410012DD0C /* GUSelectionUITests */ = {
			isa = PBXGroup;
			children = (
				F66F85371CBCFC410012DD0C /* GUSelectionUITests.m */,
				F66F85391CBCFC410012DD0C /* Info.plist */,
			);
			path = GUSelectionUITests;
			sourceTree = "<group>";
		};
/* End PBXGroup section */

/* Begin PBXNativeTarget section */
		F66F85141CBCFC410012DD0C /* GUSelection */ = {
			isa = PBXNativeTarget;
			buildConfigurationList = F66F853C1CBCFC410012DD0C /* Build configuration list for PBXNativeTarget "GUSelection" */;
			buildPhases = (
				F66F85111CBCFC410012DD0C /* Sources */,
				F66F85121CBCFC410012DD0C /* Frameworks */,
				F66F85131CBCFC410012DD0C /* Resources */,
			);
			buildRules = (
			);
			dependencies = (
			);
			name = GUSelection;
			productName = GUSelection;
			productReference = F66F85151CBCFC410012DD0C /* GUSelection.app */;
			productType = "com.apple.product-type.application";
		};
		F66F85271CBCFC410012DD0C /* GUSelectionTests */ = {
			isa = PBXNativeTarget;
			buildConfigurationList = F66F853F1CBCFC410012DD0C /* Build configuration list for PBXNativeTarget "GUSelectionTests" */;
			buildPhases = (
				F66F85241CBCFC410012DD0C /* Sources */,
				F66F85251CBCFC410012DD0C /* Frameworks */,
				F66F85261CBCFC410012DD0C /* Resources */,
			);
			buildRules = (
			);
			dependencies = (
				F66F852A1CBCFC410012DD0C /* PBXTargetDependency */,
			);
			name = GUSelectionTests;
			productName = GUSelectionTests;
			productReference = F66F85281CBCFC410012DD0C /* GUSelectionTests.xctest */;
			productType = "com.apple.product-type.bundle.unit-test";
		};
		F66F85321CBCFC410012DD0C /* GUSelectionUITests */ = {
			isa = PBXNativeTarget;
			buildConfigurationList = F66F85421CBCFC410012DD0C /* Build configuration list for PBXNativeTarget "GUSelectionUITests" */;
			buildPhases = (
				F66F852F1CBCFC410012DD0C /* Sources */,
				F66F85301CBCFC410012DD0C /* Frameworks */,
				F66F85311CBCFC410012DD0C /* Resources */,
			);
			buildRules = (
			);
			dependencies = (
				F66F85351CBCFC410012DD0C /* PBXTargetDependency */,
			);
			name = GUSelectionUITests;
			productName = GUSelectionUITests;
			productReference = F66F85331CBCFC410012DD0C /* GUSelectionUITests.xctest */;
			productType = "com.apple.product-type.bundle.ui-testing";
		};
/* End PBXNativeTarget section */

/* Begin PBXProject section */
		F66F850D1CBCFC410012DD0C /* Project object */ = {
			isa = PBXProject;
			attributes = {
				LastUpgradeCheck = 0720;
				ORGANIZATIONNAME = SupingLi;
				TargetAttributes = {
					F66F85141CBCFC410012DD0C = {
						CreatedOnToolsVersion = 7.2.1;
					};
					F66F85271CBCFC410012DD0C = {
						CreatedOnToolsVersion = 7.2.1;
						TestTargetID = F66F85141CBCFC410012DD0C;
					};
					F66F85321CBCFC410012DD0C = {
						CreatedOnToolsVersion = 7.2.1;
						TestTargetID = F66F85141CBCFC410012DD0C;
					};
				};
			};
			buildConfigurationList = F66F85101CBCFC410012DD0C /* Build configuration list for PBXProject "GUSelection" */;
			compatibilityVersion = "Xcode 3.2";
			developmentRegion = English;
			hasScannedForEncodings = 0;
			knownRegions = (
				en,
				Base,
			);
			mainGroup = F66F850C1CBCFC410012DD0C;
			productRefGroup = F66F85161CBCFC410012DD0C /* Products */;
			projectDirPath = "";
			projectRoot = "";
			targets = (
				F66F85141CBCFC410012DD0C /* GUSelection */,
				F66F85271CBCFC410012DD0C /* GUSelectionTests */,
				F66F85321CBCFC410012DD0C /* GUSelectionUITests */,
			);
		};
/* End PBXProject section */

/* Begin PBXResourcesBuildPhase section */
		F66F85131CBCFC410012DD0C /* Resources */ = {
			isa = PBXResourcesBuildPhase;
			buildActionMask = 2147483647;
			files = (
				F66F851F1CBCFC410012DD0C /* Assets.xcassets in Resources */,
				F66F85221CBCFC410012DD0C /* MainMenu.xib in Resources */,
			);
			runOnlyForDeploymentPostprocessing = 0;
		};
		F66F85261CBCFC410012DD0C /* Resources */ = {
			isa = PBXResourcesBuildPhase;
			buildActionMask = 2147483647;
			files = (
			);
			runOnlyForDeploymentPostprocessing = 0;
		};
		F66F85311CBCFC410012DD0C /* Resources */ = {
			isa = PBXResourcesBuildPhase;
			buildActionMask = 2147483647;
			files = (
			);
			runOnlyForDeploymentPostprocessing = 0;
		};
/* End PBXResourcesBuildPhase section */

/* Begin PBXSourcesBuildPhase section */
		F66F85111CBCFC410012DD0C /* Sources */ = {
			isa = PBXSourcesBuildPhase;
			buildActionMask = 2147483647;
			files = (
				F66F851D1CBCFC410012DD0C /* main.m in Sources */,
				F66F851A1CBCFC410012DD0C /* AppDelegate.m in Sources */,
			);
			runOnlyForDeploymentPostprocessing = 0;
		};
		F66F85241CBCFC410012DD0C /* Sources */ = {
			isa = PBXSourcesBuildPhase;
			buildActionMask = 2147483647;
			files = (
				F66F852D1CBCFC410012DD0C /* GUSelectionTests.m in Sources */,
			);
			runOnlyForDeploymentPostprocessing = 0;
		};
		F66F852F1CBCFC410012DD0C /* Sources */ = {
			isa = PBXSourcesBuildPhase;
			buildActionMask = 2147483647;
			files = (
				F66F85381CBCFC410012DD0C /* GUSelectionUITests.m in Sources */,
			);
			runOnlyForDeploymentPostprocessing = 0;
		};
/* End PBXSourcesBuildPhase section */

/* Begin PBXTargetDependency section */
		F66F852A1CBCFC410012DD0C /* PBXTargetDependency */ = {
			isa = PBXTargetDependency;
			target = F66F85141CBCFC410012DD0C /* GUSelection */;
			targetProxy = F66F85291CBCFC410012DD0C /* PBXContainerItemProxy */;
		};
		F66F85351CBCFC410012DD0C /* PBXTargetDependency */ = {
			isa = PBXTargetDependency;
			target = F66F85141CBCFC410012DD0C /* GUSelection */;
			targetProxy = F66F85341CBCFC410012DD0C /* PBXContainerItemProxy */;
		};
/* End PBXTargetDependency section */

/* Begin PBXVariantGroup section */
		F66F85201CBCFC410012DD0C /* MainMenu.xib */ = {
			isa = PBXVariantGroup;
			children = (
				F66F85211CBCFC410012DD0C /* Base */,
			);
			name = MainMenu.xib;
			sourceTree = "<group>";
		};
/* End PBXVariantGroup section */

/* Begin XCBuildConfiguration section */
		F66F853A1CBCFC410012DD0C /* Debug */ = {
			isa = XCBuildConfiguration;
			buildSettings = {
				ALWAYS_SEARCH_USER_PATHS = NO;
				CLANG_CXX_LANGUAGE_STANDARD = "gnu++0x";
				CLANG_CXX_LIBRARY = "libc++";
				CLANG_ENABLE_MODULES = YES;
				CLANG_ENABLE_OBJC_ARC = YES;
				CLANG_WARN_BOOL_CONVERSION = YES;
				CLANG_WARN_CONSTANT_CONVERSION = YES;
				CLANG_WARN_DIRECT_OBJC_ISA_USAGE = YES_ERROR;
				CLANG_WARN_EMPTY_BODY = YES;
				CLANG_WARN_ENUM_CONVERSION = YES;
				CLANG_WARN_INT_CONVERSION = YES;
				CLANG_WARN_OBJC_ROOT_CLASS = YES_ERROR;
				CLANG_WARN_UNREACHABLE_CODE = YES;
				CLANG_WARN__DUPLICATE_METHOD_MATCH = YES;
				CODE_SIGN_IDENTITY = "-";
				COPY_PHASE_STRIP = NO;
				DEBUG_INFORMATION_FORMAT = dwarf;
				ENABLE_STRICT_OBJC_MSGSEND = YES;
				ENABLE_TESTABILITY = YES;
				GCC_C_LANGUAGE_STANDARD = gnu99;
				GCC_DYNAMIC_NO_PIC = NO;
				GCC_NO_COMMON_BLOCKS = YES;
				GCC_OPTIMIZATION_LEVEL = 0;
				GCC_PREPROCESSOR_DEFINITIONS = (
					"DEBUG=1",
					"$(inherited)",
				);
				GCC_WARN_64_TO_32_BIT_CONVERSION = YES;
				GCC_WARN_ABOUT_RETURN_TYPE = YES_ERROR;
				GCC_WARN_UNDECLARED_SELECTOR = YES;
				GCC_WARN_UNINITIALIZED_AUTOS = YES_AGGRESSIVE;
				GCC_WARN_UNUSED_FUNCTION = YES;
				GCC_WARN_UNUSED_VARIABLE = YES;
				MACOSX_DEPLOYMENT_TARGET = 10.11;
				MTL_ENABLE_DEBUG_INFO = YES;
				ONLY_ACTIVE_ARCH = YES;
				SDKROOT = macosx;
			};
			name = Debug;
		};
		F66F853B1CBCFC410012DD0C /* Release */ = {
			isa = XCBuildConfiguration;
			buildSettings = {
				ALWAYS_SEARCH_USER_PATHS = NO;
				CLANG_CXX_LANGUAGE_STANDARD = "gnu++0x";
				CLANG_CXX_LIBRARY = "libc++";
				CLANG_ENABLE_MODULES = YES;
				CLANG_ENABLE_OBJC_ARC = YES;
				CLANG_WARN_BOOL_CONVERSION = YES;
				CLANG_WARN_CONSTANT_CONVERSION = YES;
				CLANG_WARN_DIRECT_OBJC_ISA_USAGE = YES_ERROR;
				CLANG_WARN_EMPTY_BODY = YES;
				CLANG_WARN_ENUM_CONVERSION = YES;
				CLANG_WARN_INT_CONVERSION = YES;
				CLANG_WARN_OBJC_ROOT_CLASS = YES_ERROR;
				CLANG_WARN_UNREACHABLE_CODE = YES;
				CLANG_WARN__DUPLICATE_METHOD_MATCH = YES;
				CODE_SIGN_IDENTITY = "-";
				COPY_PHASE_STRIP = NO;
				DEBUG_INFORMATION_FORMAT = "dwarf-with-dsym";
				ENABLE_NS_ASSERTIONS = NO;
				ENABLE_STRICT_OBJC_MSGSEND = YES;
				GCC_C_LANGUAGE_STANDARD = gnu99;
				GCC_NO_COMMON_BLOCKS = YES;
				GCC_WARN_64_TO_32_BIT_CONVERSION = YES;
				GCC_WARN_ABOUT_RETURN_TYPE = YES_ERROR;
				GCC_WARN_UNDECLARED_SELECTOR = YES;
				GCC_WARN_UNINITIALIZED_AUTOS = YES_AGGRESSIVE;
				GCC_WARN_UNUSED_FUNCTION = YES;
				GCC_WARN_UNUSED_VARIABLE = YES;
				MACOSX_DEPLOYMENT_TARGET = 10.11;
				MTL_ENABLE_DEBUG_INFO = NO;
				SDKROOT = macosx;
			};
			name = Release;
		};
		F66F853D1CBCFC410012DD0C /* Debug */ = {
			isa = XCBuildConfiguration;
			buildSettings = {
				ASSETCATALOG_COMPILER_APPICON_NAME = AppIcon;
				COMBINE_HIDPI_IMAGES = YES;
				INFOPLIST_FILE = GUSelection/Info.plist;
				LD_RUNPATH_SEARCH_PATHS = "$(inherited) @executable_path/../Frameworks";
				PRODUCT_BUNDLE_IDENTIFIER = TE.GUSelection;
				PRODUCT_NAME = "$(TARGET_NAME)";
			};
			name = Debug;
		};
		F66F853E1CBCFC410012DD0C /* Release */ = {
			isa = XCBuildConfiguration;
			buildSettings = {
				ASSETCATALOG_COMPILER_APPICON_NAME = AppIcon;
				COMBINE_HIDPI_IMAGES = YES;
				INFOPLIST_FILE = GUSelection/Info.plist;
				LD_RUNPATH_SEARCH_PATHS = "$(inherited) @executable_path/../Frameworks";
				PRODUCT_BUNDLE_IDENTIFIER = TE.GUSelection;
				PRODUCT_NAME = "$(TARGET_NAME)";
			};
			name = Release;
		};
		F66F85401CBCFC410012DD0C /* Debug */ = {
			isa = XCBuildConfiguration;
			buildSettings = {
				BUNDLE_LOADER = "$(TEST_HOST)";
				COMBINE_HIDPI_IMAGES = YES;
				INFOPLIST_FILE = GUSelectionTests/Info.plist;
				LD_RUNPATH_SEARCH_PATHS = "$(inherited) @executable_path/../Frameworks @loader_path/../Frameworks";
				PRODUCT_BUNDLE_IDENTIFIER = TE.GUSelectionTests;
				PRODUCT_NAME = "$(TARGET_NAME)";
				TEST_HOST = "$(BUILT_PRODUCTS_DIR)/GUSelection.app/Contents/MacOS/GUSelection";
			};
			name = Debug;
		};
		F66F85411CBCFC410012DD0C /* Release */ = {
			isa = XCBuildConfiguration;
			buildSettings = {
				BUNDLE_LOADER = "$(TEST_HOST)";
				COMBINE_HIDPI_IMAGES = YES;
				INFOPLIST_FILE = GUSelectionTests/Info.plist;
				LD_RUNPATH_SEARCH_PATHS = "$(inherited) @executable_path/../Frameworks @loader_path/../Frameworks";
				PRODUCT_BUNDLE_IDENTIFIER = TE.GUSelectionTests;
				PRODUCT_NAME = "$(TARGET_NAME)";
				TEST_HOST = "$(BUILT_PRODUCTS_DIR)/GUSelection.app/Contents/MacOS/GUSelection";
			};
			name = Release;
		};
		F66F85431CBCFC410012DD0C /* Debug */ = {
			isa = XCBuildConfiguration;
			buildSettings = {
				COMBINE_HIDPI_IMAGES = YES;
				INFOPLIST_FILE = GUSelectionUITests/Info.plist;
				LD_RUNPATH_SEARCH_PATHS = "$(inherited) @executable_path/../Frameworks @loader_path/../Frameworks";
				PRODUCT_BUNDLE_IDENTIFIER = TE.GUSelectionUITests;
				PRODUCT_NAME = "$(TARGET_NAME)";
				TEST_TARGET_NAME = GUSelection;
				USES_XCTRUNNER = YES;
			};
			name = Debug;
		};
		F66F85441CBCFC410012DD0C /* Release */ = {
			isa = XCBuildConfiguration;
			buildSettings = {
				COMBINE_HIDPI_IMAGES = YES;
				INFOPLIST_FILE = GUSelectionUITests/Info.plist;
				LD_RUNPATH_SEARCH_PATHS = "$(inherited) @executable_path/../Frameworks @loader_path/../Frameworks";
				PRODUCT_BUNDLE_IDENTIFIER = TE.GUSelectionUITests;
				PRODUCT_NAME = "$(TARGET_NAME)";
				TEST_TARGET_NAME = GUSelection;
				USES_XCTRUNNER = YES;
			};
			name = Release;
		};
/* End XCBuildConfiguration section */

/* Begin XCConfigurationList section */
		F66F85101CBCFC410012DD0C /* Build configuration list for PBXProject "GUSelection" */ = {
			isa = XCConfigurationList;
			buildConfigurations = (
				F66F853A1CBCFC410012DD0C /* Debug */,
				F66F853B1CBCFC410012DD0C /* Release */,
			);
			defaultConfigurationIsVisible = 0;
			defaultConfigurationName = Release;
		};
		F66F853C1CBCFC410012DD0C /* Build configuration list for PBXNativeTarget "GUSelection" */ = {
			isa = XCConfigurationList;
			buildConfigurations = (
				F66F853D1CBCFC410012DD0C /* Debug */,
				F66F853E1CBCFC410012DD0C /* Release */,
			);
			defaultConfigurationIsVisible = 0;
		};
		F66F853F1CBCFC410012DD0C /* Build configuration list for PBXNativeTarget "GUSelectionTests" */ = {
			isa = XCConfigurationList;
			buildConfigurations = (
				F66F85401CBCFC410012DD0C /* Debug */,
				F66F85411CBCFC410012DD0C /* Release */,
			);
			defaultConfigurationIsVisible = 0;
		};
		F66F85421CBCFC410012DD0C /* Build configuration list for PBXNativeTarget "GUSelectionUITests" */ = {
			isa = XCConfigurationList;
			buildConfigurations = (
				F66F85431CBCFC410012DD0C /* Debug */,
				F66F85441CBCFC410012DD0C /* Release */,
			);
			defaultConfigurationIsVisible = 0;
		};
/* End XCConfigurationList section */
	};
	rootObject = F66F850D1CBCFC410012DD0C /* Project object */;
}
